
Microsoft Visual Studio Solution File, Format Version 12.00
# Visual Studio Version 17
VisualStudioVersion = 17.0.32014.148
MinimumVisualStudioVersion = 10.0.40219.1
Project("{FAE04EC0-301F-11D3-BF4B-00C04F79EFBC}") = "kalkulator_sederhana", "eskalator\kalkulator_sederhana.csproj", "{57BD16BC-058E-4D8D-9544-52D9DA0D6600}"
EndProject
Global
	GlobalSection(SolutionConfigurationPlatforms) = preSolution
		Debug|Any CPU = Debug|Any CPU
		Release|Any CPU = Release|Any CPU
	EndGlobalSection
	GlobalSection(ProjectConfigurationPlatforms) = postSolution
		{57BD16BC-058E-4D8D-9544-52D9DA0D6600}.Debug|Any CPU.ActiveCfg = Debug|Any CPU
		{57BD16BC-058E-4D8D-9544-52D9DA0D6600}.Debug|Any CPU.Build.0 = Debug|Any CPU
		{57BD16BC-058E-4D8D-9544-52D9DA0D6600}.Release|Any CPU.ActiveCfg = Release|Any CPU
		{57BD16BC-058E-4D8D-9544-52D9DA0D6600}.Release|Any CPU.Build.0 = Release|Any CPU
	EndGlobalSection
	GlobalSection(SolutionProperties) = preSolution
		HideSolutionNode = FALSE
	EndGlobalSection
	GlobalSection(ExtensibilityGlobals) = postSolution
		SolutionGuid = {5EC4CDFA-9C4C-42E6-815E-39535CA91C2F}
	EndGlobalSection
EndGlobal
